{
  "name": "card-collection-api",
  "version": "1.0.0",
  "lockfileVersion": 3,
  "requires": true,
  "packages": {
    "": {
      "name": "card-collection-api",
      "version": "1.0.0",
      "license": "ISC",
      "dependencies": {
        "express": "^4.18.2"
      }
    },
    "node_modules/accepts": {
      "version": "1.3.8",
      "resolved": "https://registry.npmjs.org/accepts/-/accepts-1.3.8.tgz",
      "integrity": "sha512-PYAthTa2m2VKxuvSD3DPC/Gy+U+sOA1LAuT8mkmRuvw+NACSaeXEQ+NHcVF7rONl6soaxNK9ACciwWXGDVGFmA==",
      "dependencies": {
        "mime-types": "~2.1.35",
        "negotiator": "0.6.3"
      },
      "engines": {
        "node": ">= 0.6"
      }
    },
    "node_modules/array-flatten": {
      "version": "1.1.1",
      "resolved": "https://registry.npmjs.org/array-flatten/-/array-flatten-1.1.1.tgz",
      "integrity": "sha512-PCVAQswWemu6UdxsDFFX/+gVeYqKAod3D3AbeZMHfZ58pFEcAn2XlM6y+TeyYQYEVjIVuMZveEmmMMcx29BYAw=="
    },
    "node_modules/body-parser": {
      "version": "1.20.1",
      "resolved": "https://registry.npmjs.org/body-parser/-/body-parser-1.20.1.tgz",
      "integrity": "sha512-jWi7abTbYwajOytWCQc37oLdkpUkszoXsmpiUe/slMYc0PLgJgnlV2ss7j1hm02XLpSAclP6FiKd1dV07n9jeA==",
      "dependencies": {
        "bytes": "3.1.2",
        "content-type": "~1.0.4",
        "debug": "2.6.9",
        "depd": "2.0.0",
        "destroy": "1.2.0",
        "http-errors": "2.0.0",
        "iconv-lite": "0.4.24",
        "on-finished": "2.4.1",
        "qs": "6.11.0",
        "raw-body": "2.5.1",
        "type-is": "~1.6.18",
        "unpipe": "1.0.0"
      },
      "engines": {
        "node": ">= 0.8",
        "npm": "1.2.8000 || >= 1.4.16"
      }
    },
    "node_modules/bytes": {
      "version": "3.1.2",
      "resolved": "https://registry.npmjs.org/bytes/-/bytes-3.1.2.tgz",
      "integrity": "sha512-0dfxPNiBGabcfaH8js1kOA2LI7/QppusOfmbIIuCMDh2Z0tV0Bv+DE2T3eyo2tTYIOvheLATH/yAiZ0jWlb9xg==",
      "engines": {
        "node": ">= 0.8"
      }
    },
    "node_modules/call-bind": {
      "version": "1.0.7",
      "resolved": "https://registry.npmjs.org/call-bind/-/call-bind-1.0.7.tgz",
      "integrity": "sha512-GHTSNSYICQ7scE42sfrZ+kKJb0EAn0vUe1nAbWY0l2LwMQTcsGS3vVw5+TPKuM3P22P2mBwG2lI3/o+jV3oASg==",
      "dependencies": {
        "function-bind": "^1.1.2",
        "get-intrinsic": "^1.2.4",
        "set-function-length": "^1.2.2"
      },
      "funding": {
        "url": "https://github.com/sponsors/ljharb"
      }
    },
    "node_modules/content-disposition": {
      "version": "0.5.4",
      "resolved": "https://registry.npmjs.org/content-disposition/-/content-disposition-0.5.4.tgz",
      "integrity": "sha512-FveZTNuGw04cTCudIW/FpaUlhaDCPLucifDASC+JrATvdwvrg+pAXgbpT1+Gtky5bSugOFVicnE9GSSrK1WB2w==",
      "dependencies": {
        "safe-buffer": "5.2.1"
      },
      "engines": {
        "node": ">= 0.6"
      }
    },
    "node_modules/content-type": {
      "version": "1.0.5",
      "resolved": "https://registry.npmjs.org/content-type/-/content-type-1.0.5.tgz",
      "integrity": "sha512-nTjqfcBFEipKdXCv4YDQWCfmcwNMCHY+TflTn3wbB750wA4Ab4tf2DXOgeveHjQTNgYSV/Bu9FEr0pdWctoHBw==",
      "engines": {
        "node": ">= 0.6"
      }
    },
    "node_modules/cookie": {
      "version": "0.5.0",
      "resolved": "https://registry.npmjs.org/cookie/-/cookie-0.5.0.tgz",
      "integrity": "sha512-YZ3GUyn/o8gfsvs2pUeE6AZv+iL17GCGPmcB/gWRwB+yAbspwIauyL1fdgJ/m323cFbL6l7JoC09LdonadSssg==",
      "engines": {
        "node": ">= 0.6"
      }
    },
    "node_modules/cookie-signature": {
      "version": "1.0.6",
      "resolved": "https://registry.npmjs.org/cookie-signature/-/cookie-signature-1.0.6.tgz",
      "integrity": "sha512-QADzlaHc8icV8I7vbaJXJwod9HWYp8uCqf1xa4OfNu1T7JVxQIrUgK6hLdaxRuPwG3iGpqK/fOdKoezUQD2fAg=="
    },
    "node_modules/debug": {
      "version": "2.6.9",
      "resolved": "https://registry.npmjs.org/debug/-/debug-2.6.9.tgz",
      "integrity": "sha512-bC7ElrdJaJnPbAP+1EotYvqZsb3ecl5wi6Bfi6BJTUcNowp6cvspg0jXznRTKDjm/E7AdgFBVeAPVMNcKGsHMA==",
      "dependencies": {
        "ms": "2.0.0"
      }
    },
    "node_modules/define-data-property": {
      "version": "1.1.4",
      "resolved": "https://registry.npmjs.org/define-data-property/-/define-data-property-1.1.4.tgz",
      "integrity": "sha512-reP/CL+2Zcf/fO64DDBq2l+8eLdbkCdsH/A24T5q0aV2pbD4e0baWj2pjIt2e5hKx/I7kZJSCd1I7t3rwrFSsg==",
      "dependencies": {
        "get-intrinsic": "^1.2.4",
        "gopd": "^1.0.1",
        "has-property-descriptors": "^1.0.2"
      },
      "engines": {
        "node": ">= 0.4"
      },
      "funding": {
        "url": "https://github.com/sponsors/ljharb"
      }
    },
    "node_modules/depd": {
      "version": "2.0.0",
      "resolved": "https://registry.npmjs.org/depd/-/depd-2.0.0.tgz",
      "integrity": "sha512-g7nH6P6dyDioJogAAGprGpCtVImJhpPk/kd/qLVLaunchfdDekEXPBCIIOOTX45qBxLbrSgNKVvBCHweJgtT0g==",
      "engines": {
        "node": ">= 0.8"
      }
    },
    "node_modules/destroy": {
      "version": "1.2.0",
      "resolved": "https://registry.npmjs.org/destroy/-/destroy-1.2.0.tgz",
      "integrity": "sha512-2sJGJdCFyKacJoMfnE+d+4naQeN6iW2Wf8JpL1eXf2+2oYvCbS1BPK05caJScw1sVdZwwNf6sAi39L1T3QzQ9g==",
      "engines": {
        "node": ">= 0.8",
        "npm": "1.2.8000 || >= 1.4.16"
      }
    },
    "node_modules/ee-first": {
      "version": "1.1.1",
      "resolved": "https://registry.npmjs.org/ee-first/-/ee-first-1.1.1.tgz",
      "integrity": "sha512-WMwm9LhRUo+WUaRN+vRuETqG89igZJGyEffPY97n03EkURiciTW8eDnsd/vRh+xGYbIIKcLon1JYbiT5LL0C2Q=="
    },
    "node_modules/encodeurl": {
      "version": "1.0.2",
      "resolved": "https://registry.npmjs.org/encodeurl/-/encodeurl-1.0.2.tgz",
      "integrity": "sha512-TPJXq8JqFaVYm2CWmPvnP2Iyo4ZSM7/CKFJMCUdx9v0C8WjTC0KzN expediencies /vR70+1a+5bNoveO2multiplexings==",
      "engines": {
        "node": ">= 0.8"
      }
    },
    "node_modules/escape-html": {
      "version": "1.0.3",
      "resolved": "https://registry.npmjs.org/escape-html/-/escape-html-1.0.3.tgz",
      "integrity": "sha512-NiSupZ4OeuGwr68lGIeym/ksIZMJodUGOSCZ/FSnTxcreOqaBKrKa9iuyVs7KnQvhXML4dmsEegfvNsN2RKSXA=="
    },
    "node_modules/etag": {
      "version": "1.8.1",
      "resolved": "https://registry.npmjs.org/etag/-/etag-1.8.1.tgz",
      "integrity": "sha512-aIL5Fx7mawVa300al2fsDb/Wjkw9xZFtkEcF1Yk5fqnEjnNyZCvQyn1ZXGWgA0+9gOHNbnjLh8Oh1gwAE5b4Gg==",
      "engines": {
        "node": ">= 0.6"
      }
    },
    "node_modules/express": {
      "version": "4.18.2",
      "resolved": "https://registry.npmjs.org/express/-/express-4.18.2.tgz",
      "integrity": "sha512-5/PsL6iGPdfQ/l3vvs1x+Gwg5DDGO3qOPqimB07gztAxPq3MC71cjgAIniWAp6eAwcd+g672AlAhwRjvFA1r4g==",
      "dependencies": {
        "accepts": "~1.3.8",
        "array-flatten": "1.1.1",
        "body-parser": "1.20.1",
        "content-disposition": "0.5.4",
        "content-type": "~1.0.4",
        "cookie": "0.5.0",
        "cookie-signature": "1.0.6",
        "debug": "2.6.9",
        "depd": "2.0.0",
        "encodeurl": "~1.0.2",
        "escape-html": "~1.0.3",
        "etag": "~1.8.1",
        "finalhandler": "1.2.0",
        "fresh": "0.5.2",
        "merge-descriptors": "1.0.1",
        "methods": "~1.1.2",
        "on-finished": "2.4.1",
        "parseurl": "~1.3.3",
        "path-to-regexp": "0.1.7",
        "proxy-addr": "~2.0.7",
        "qs": "6.11.0",
        "range-parser": "~1.2.1",
        "safe-buffer": "5.2.1",
        "send": "0.18.0",
        "serve-static": "1.15.0",
        "setprototypeof": "1.2.0",
        "statuses": "2.0.1",
        "type-is": "~1.6.18",
        "utils-flatten": "1.0.1",
        "vary": "~1.1.2"
      },
      "engines": {
        "node": ">= 0.10.0"
      }
    },
    "node_modules/finalhandler": {
      "version": "1.2.0",
      "resolved": "https://registry.npmjs.org/finalhandler/-/finalhandler-1.2.0.tgz",
      "integrity": "sha512-5uXcUVftlQjbYKnXMo3DaKivnHreqPpQZ/ggOd3FCJundsBqJTKWh0625TM3fE/o1u0voWIvJ/GheUFTh5f7+g==",
      "dependencies": {
        "debug": "2.6.9",
        "encodeurl": "~1.0.2",
        "escape-html": "~1.0.3",
        "on-finished": "2.4.1",
        "parseurl": "~1.3.3",
        "statuses": "2.0.1",
        "unpipe": "~1.0.0"
      },
      "engines": {
        "node": ">= 0.8"
      }
    },
    "node_modules/forwarded": {
      "version": "0.2.0",
      "resolved": "https://registry.npmjs.org/forwarded/-/forwarded-0.2.0.tgz",
      "integrity": "sha512-buDTm9zupMqu2f3GOo5KKDqce1VbrkiIlOAfKa9ZJGGVMvA0aEsK+N1eKJoa2LPk5PHlmL1KDsjA3bkh6hIZMw==",
      "engines": {
        "node": ">= 0.6"
      }
    },
    "node_modules/fresh": {
      "version": "0.5.2",
      "resolved": "https://registry.npmjs.org/fresh/-/fresh-0.5.2.tgz",
      "integrity": "sha512-zJ2mQYM18rEFOcSW4JTn4zJvVsBwVTnr4NsEUo9CVA/4ZzNLTe8IXzgnXsHbqvLVRKjdwby7oWSsVcF2GUORgw==",
      "engines": {
        "node": ">= 0.6"
      }
    },
    "node_modules/function-bind": {
      "version": "1.1.2",
      "resolved": "https://registry.npmjs.org/function-bind/-/function-bind-1.1.2.tgz",
      "integrity": "sha512-7XHNxkY9MY589pza9Jnp1f/ocB2vnoE5eI6G2WjXJv0E3d3p5IcwIJo1kLATAenNxr7f0rq8o1d06yWM1+E5Kg==",
      "funding": {
        "url": "https://github.com/sponsors/ljharb"
      }
    },
    "node_modules/get-intrinsic": {
      "version": "1.2.4",
      "resolved": "https://registry.npmjs.org/get-intrinsic/-/get-intrinsic-1.2.4.tgz",
      "integrity": "sha512-5uYJN1I85b1n07ia1I395N32i43e2fGjiy99gTy4DchOUdm5iYfg7P/7q1aB13aPz+g5viLgvoe0h5RU+5P/iw==",
      "dependencies": {
        "function-bind": "^1.1.2",
        "has-proto": "^1.0.3",
        "has-symbols": "^1.0.3",
        "hasown": "^2.0.2"
      },
      "funding": {
        "url": "https://github.com/sponsors/ljharb"
      }
    },
    "node_modules/gopd": {
      "version": "1.0.1",
      "resolved": "https://registry.npmjs.org/gopd/-/gopd-1.0.1.tgz",
      "integrity": "sha512-d6xYOKgI6lQpX/CVKR8pUaJq9a42g32Y/vuz4iFPVASsRMaT4PLSgP2B45i2MPbA9Vkjh96vGgn9M16uG2PZgQ==",
      "dependencies": {
        "get-intrinsic": "^1.1.3"
      },
      "funding": {
        "url": "https://github.com/sponsors/ljharb"
      }
    },
    "node_modules/has-property-descriptors": {
      "version": "1.0.2",
      "resolved": "https://registry.npmjs.org/has-property-descriptors/-/has-property-descriptors-1.0.2.tgz",
      "integrity": "sha512-555sVcEIc5N7Tj17l0zNBjm0iQQffmQN4iSci0f/5wW+3i7+d17fR2b8D0aA9u/V5Jt3gT0m01h2vJ+lZJ78Q==",
      "dependencies": {
        "es-define-property": "^1.0.0"
      },
      "funding": {
        "url": "https://github.com/sponsors/ljharb"
      }
    },
    "node_modules/has-proto": {
      "version": "1.0.3",
      "resolved": "https://registry.npmjs.org/has-proto/-/has-proto-1.0.3.tgz",
      "integrity": "sha512-YIhasAm2oH9qK32l/y2e28m2aaa0zx9cGeeP58y9q0gQfNknSF2/6m5zT7gY7x0UoB8sOD/3iPmpbYYa2aWJg==",
      "engines": {
        "node": ">= 0.4"
      },
      "funding": {
        "url": "https://github.com/sponsors/ljharb"
      }
    },
    "node_modules/has-symbols": {
      "version": "1.0.3",
      "resolved": "https://registry.npmjs.org/has-symbols/-/has-symbols-1.0.3.tgz",
      "integrity": "sha512-l3LCuF6MgDNwTDKkdYGEihYjt5pRPbEg46rtlmnSPlUbgmB8LOIrKJbYYFBSbnPaJexMKdx0wgAWe6gSYXTbgg==",
      "engines": {
        "node": ">= 0.4"
      },
      "funding": {
        "url": "https://github.com/sponsors/ljharb"
      }
    },
    "node_modules/hasown": {
      "version": "2.0.2",
      "resolved": "https://registry.npmjs.org/hasown/-/hasown-2.0.2.tgz",
      "integrity": "sha512-tqPshMRk2eQ4e2wR5Gk6KEDn6m9l0aTwKZCgnABRLChq2x1PkM0KxM2sWwZdM2+2+pmsULOdn2gZg4eFitPbeA==",
      "dependencies": {
        "function-bind": "^1.1.2"
      },
      "engines": {
        "node": ">= 0.4"
      }
    },
    "node_modules/http-errors": {
      "version": "2.0.0",
      "resolved": "https://registry.npmjs.org/http-errors/-/http-errors-2.0.0.tgz",
      "integrity": "sha512-RmhB3HcnjurApq7jSy3AUgo7wR9Dgz9UsIYscfZOQ2iAheqT3taccqFl+3LAqg6 Hy9a36pvpe+nODmP/kC8g==",
      "dependencies": {
        "depd": "2.0.0",
        "inherits": "2.0.4",
        "setprototypeof": "1.2.0",
        "statuses": "2.0.1",
        "toidentifier": "1.0.1"
      },
      "engines": {
        "node": ">= 0.8"
      }
    },
    "node_modules/iconv-lite": {
      "version": "0.4.24",
      "resolved": "https://registry.npmjs.org/iconv-lite/-/iconv-lite-0.4.24.tgz",
      "integrity": "sha512-v3MXnZAcvnywkU1G02aPkTDVmwadSAnkCrsRyL6HsvroOBiSTvL2inUP9pFad6sZMVoPflup2xRIIKagDbchiA==",
      "dependencies": {
        "safer-buffer": ">= 2.1.2 < 3"
      },
      "engines": {
        "node": ">=0.10.0"
      }
    },
    "node_modules/inherits": {
      "version": "2.0.4",
      "resolved": "https://registry.npmjs.org/inherits/-/inherits-2.0.4.tgz",
      "integrity": "sha512-k/vGaX4/Yla3Wb6Db8vvAnfY6Ps79lteZz7s/ matrimonialist /20ja6jeVU5KDeGKY0Hsoxku5TONS5DbGg=="
    },
    "node_modules/ipaddr.js": {
      "version": "1.9.1",
      "resolved": "https://registry.npmjs.org/ipaddr.js/-/ipaddr.js-1.9.1.tgz",
      "integrity": "sha512-0KI/607xoxSToH7GjN1FfSbLoU0+btrelA7+y4D0s3GELIPTONMG/zACvA3p2s4Wdc+akBROvSfbmc+1CquASA==",
      "engines": {
        "node": ">= 0.10"
      }
    },
    "node_modules/media-typer": {
      "version": "0.3.0",
      "resolved": "https://registry.npmjs.org/media-typer/-/media-typer-0.3.0.tgz",
      "integrity": "sha512-dq+qelQ9ak2adAmxDG4bqwVb2laJ+69UP3ltAJGTRiev0v0uAdbBOTZrA7HUweL2TISbGmElw4eopgu+4S2hLQ==",
      "engines": {
        "node": ">= 0.6"
      }
    },
    "node_modules/merge-descriptors": {
      "version": "1.0.1",
      "resolved": "https://registry.npmjs.org/merge-descriptors/-/merge-descriptors-1.0.1.tgz",
      "integrity": "sha512-cCi6g3/Zr1iqQi6ySbseM1Xvooa98N0w31jzUYrXPX2xqObmF8+0E4bpzffs3o2vSSz5X2VsPa6ec+mflYYOw=="
    },
    "node_modules/methods": {
      "version": "1.1.2",
      "resolved": "https://registry.npmjs.org/methods/-/methods-1.1.2.tgz",
      "integrity": "sha512-F/sLg6Q4A2h3gI5sMPkI3NaQkS3Glsr92y9Jz/HEF1oN0hQ420Sn1l1D/COO2wzF/1mG8oN/UecXFas+2aLwQ==",
      "engines": {
        "node": ">= 0.6"
      }
    },
    "node_modules/mime": {
      "version": "1.6.0",
      "resolved": "https://registry.npmjs.org/mime/-/mime-1.6.0.tgz",
      "integrity": "sha512-x0Vn8spI+wuJ1O6S7gnbaQg8Pxh4NNHb7MoxvilusgoAdiNrNe4NVQLQyvZw+T0fLzaK2WJp/bDX7pILsZdTEw==",
      "engines": {
        "node": ">=4"
      }
    },
    "node_modules/mime-db": {
      "version": "1.52.0",
      "resolved": "https://registry.npmjs.org/mime-db/-/mime-db-1.52.0.tgz",
      "integrity": "sha512-sPU4uV7dYlvtWd4iypG4sEbtj/smAoXtscClI+1SjZNlGzvVcJGli7gS9Sjp1F2iTnu4HcrngAw/8vNQEe6VHQ==",
      "engines": {
        "node": ">= 0.6"
      }
    },
    "node_modules/mime-types": {
      "version": "2.1.35",
      "resolved": "https://registry.npmjs.org/mime-types/-/mime-types-2.1.35.tgz",
      "integrity": "sha512-ZDY+bPm5zTTF+YpCrAU9nK0UgICYPT0QtT1NZWFv4s++TNkcgVaT0g6+4V1uStffINtE781fEl83bOggIK4eTw==",
      "dependencies": {
        "mime-db": "1.52.0"
      },
      "engines": {
        "node": ">= 0.6"
      }
    },
    "node_modules/ms": {
      "version": "2.0.0",
      "resolved": "https://registry.npmjs.org/ms/-/ms-2.0.0.tgz",
      "integrity": "sha512-Tpp60P6IUJDTuOq/5Z8cdskzJdnhlTkebTPFFeCxpJ2Xos7doYGPc/je8msgDec6r/qc0axNUCp2vYmdmM/iYw=="
    },
    "node_modules/negotiator": {
      "version": "0.6.3",
      "resolved": "https://registry.npmjs.org/negotiator/-/negotiator-0.6.3.tgz",
      "integrity": "sha512-+EUsqGPLsM+j/OYqN4Cef1rS/GUodtnawc4FNsE0k+OprOBciw6uGuM9Sr/NVlV3XetcOj/Jcnxc1pP6rAxtPw==",
      "engines": {
        "node": ">= 0.6"
      }
    },
    "node_modules/on-finished": {
      "version": "2.4.1",
      "resolved": "https://registry.npmjs.org/on-finished/-/on-finished-2.4.1.tgz",
      "integrity": "sha512-oVTsR68cJdCeSZBePYRb0glscl/Sj5JjBGFyv+0kF2A44WvfYB5x/B3hTjjz9glzemzVpJQy7Gpn07bHJpMOUw==",
      "dependencies": {
        "ee-first": "1.1.1"
      },
      "engines": {
        "node": ">= 0.8"
      }
    },
    "node_modules/parseurl": {
      "version": "1.3.3",
      "resolved": "https://registry.npmjs.org/parseurl/-/parseurl-1.3.3.tgz",
      "integrity": "sha512-CiyeOxFT/JZyN5m0z91aJzyKMciNTZDA+JRxC0KyDk6nqUdeiBud5Abbaz+1HBBfn+qDUAMyAbPG3cNKBWO5wA==",
      "engines": {
        "node": ">= 0.8"
      }
    },
    "node_modules/path-to-regexp": {
      "version": "0.1.7",
      "resolved": "https://registry.npmjs.org/path-to-regexp/-/path-to-regexp-0.1.7.tgz",
      "integrity": "sha512-5DFkuoqlv1uY0PooeybmGfwsvs2pJG2y22hYfBxFARfFMd4WVFm47/bXHWJO080L8fTfuZdvbBfGIO7VgoVvPA=="
    },
    "node_modules/proxy-addr": {
      "version": "2.0.7",
      "resolved": "https://registry.npmjs.org/proxy-addr/-/proxy-addr-2.0.7.tgz",
      "integrity": "sha512-llQsMLS6BAqjNBpAKNacsCfrRZdfVpRL327/5pLpgyQOaYH1mg/KMh+XW5Q1r4TeK/c2y8K5tFlQZzFM2sPcxQ==",
      "dependencies": {
        "forwarded": "0.2.0",
        "ipaddr.js": "1.9.1"
      },
      "engines": {
        "node": ">= 0.10"
      }
    },
    "node_modules/qs": {
      "version": "6.11.0",
      "resolved": "https://registry.npmjs.org/qs/-/qs-6.11.0.tgz",
      "integrity": "sha512-MvjoMCJwEarSbUYk5O+nmoAPL0x8lo9N2An01RhEAe7R1gZ8iGeSyab2wTjYnwYIbhq/j3reMAdNZc/H0DtmIw==",
      "dependencies": {
        "side-channel": "^1.0.4"
      },
      "engines": {
        "node": ">=0.6"
      },
      "funding": {
        "url": "https://github.com/sponsors/ljharb"
      }
    },
    "node_modules/range-parser": {
      "version": "1.2.1",
      "resolved": "https://registry.npmjs.org/range-parser/-/range-parser-1.2.1.tgz",
      "integrity": "sha512-Hrgsx+orqoygn9bCDMMg3fmmKut/TEihr9f7O0VLiwaA9r2BxDgWV3y+P20A3s6wypU0pM0D3y4eDCIb6BcoBQ==",
      "engines": {
        "node": ">= 0.6"
      }
    },
    "node_modules/raw-body": {
      "version": "2.5.1",
      "resolved": "https://registry.npmjs.org/raw-body/-/raw-body-2.5.1.tgz",
      "integrity": "sha512-qqJBtEyVgS0ZmPGdCFprWTvVo6fCXliDFxsm8zT4HpupqflS1YcWX/Pl22h1Mq22TGSFN21hccp/ksPkOKdueA==",
      "dependencies": {
        "bytes": "3.1.2",
        "http-errors": "2.0.0",
        "iconv-lite": "0.4.24",
        "unpipe": "1.0.0"
      },
      "engines": {
        "node": ">= 0.8"
      }
    },
    "node_modules/safe-buffer": {
      "version": "5.2.1",
      "resolved": "https://registry.npmjs.org/safe-buffer/-/safe-buffer-5.2.1.tgz",
      "integrity": "sha512-YZW3KptBgD1GvfUFVtyLolreqBKmOKAdEe2ptbIAMWuzAUwpBrhVsV+eLCkQiN8leoLj5lt3N8AES2S5JiyMxA==",
      "funding": [
        {
          "type": "github",
          "url": "https://github.com/sponsors/feross"
        },
        {
          "type": "patreon",
          "url": "https://www.patreon.com/feross"
        },
        {
          "type": "consulting",
          "url": "https://feross.org/support"
        }
      ]
    },
    "node_modules/safer-buffer": {
      "version": "2.1.2",
      "resolved": "https://registry.npmjs.org/safer-buffer/-/safer-buffer-2.1.2.tgz",
      "integrity": "sha512-YZo3K82SD7Riyi0E1EQPojLz7kpepnSQI9bvyGy8BYul9oNuGCf/geGj8DYR8gtP4II2agqgOK1ztb5HgOXoQg=="
    },
    "node_modules/send": {
      "version": "0.18.0",
      "resolved": "https://registry.npmjs.org/send/-/send-0.18.0.tgz",
      "integrity": "sha512-qqWzuFiaB9u5FKVMD2eLw+2B0kYf54dPAjIBLtVb4yAXKPu3Gq6CcwjmgrSwAYSvdygIeE+6z0BVRFJTe51gYQ==",
      "dependencies": {
        "debug": "2.6.9",
        "depd": "2.0.0",
        "destroy": "1.2.0",
        "encodeurl": "~1.0.2",
        "escape-html": "~1.0.3",
        "etag": "~1.8.1",
        "fresh": "0.5.2",
        "http-errors": "2.0.0",
        "mime": "1.6.0",
        "ms": "2.1.3",
        "on-finished": "2.4.1",
        "range-parser": "~1.2.1",
        "statuses": "2.0.1"
      },
      "engines": {
        "node": ">= 0.8.0"
      }
    },
    "node_modules/send/node_modules/ms": {
      "version": "2.1.3",
      "resolved": "https://registry.npmjs.org/ms/-/ms-2.1.3.tgz",
      "integrity": "sha512-6FlzubTLZG3J2a/NVCAle/KpjPDb2paIkiElDD8TVIC3fDIyEuogPecPcsvi8GvromCwQPAe+ld7lnA7Egn6dw=="
    },
    "node_modules/serve-static": {
      "version": "1.15.0",
      "resolved": "https://registry.npmjs.org/serve-static/-/serve-static-1.15.0.tgz",
      "integrity": "sha512-XGuRDNjXUmpmPftM2Wd0R+6HujrgpFIAa+M2HOxQ4V2sTfeMENaNoGG5/145pkstdMSt2fabIaCrp7E0DJd1sg==",
      "dependencies": {
        "encodeurl": "~1.0.2",
        "escape-html": "~1.0.3",
        "parseurl": "~1.3.3",
        "send": "0.18.0"
      },
      "engines": {
        "node": ">= 0.8.0"
      }
    },
    "node_modules/set-function-length": {
      "version": "1.2.2",
      "resolved": "https://registry.npmjs.org/set-function-length/-/set-function-length-1.2.2.tgz",
      "integrity": "sha512-sq01C/4VbtAnWgk5d2r45S2aUe2g2WHBgbaD3M622iL7yBMLr5fG/+w0B1bC72c91aQwfJ9ogfgv/w3iG3u0rw==",
      "dependencies": {
        "define-data-property": "^1.1.4",
        "es-errors": "^1.3.0",
        "function-bind": "^1.1.2",
        "has-property-descriptors": "^1.0.2"
      },
      "engines": {
        "node": ">= 0.4"
      }
    },
    "node_modules/setprototypeof": {
      "version": "1.2.0",
      "resolved": "https://registry.npmjs.org/setprototypeof/-/setprototypeof-1.2.0.tgz",
      "integrity": "sha512-E5LDQanSYp1E+aFFiYd2RG7T3nD2NOg58T6Z/bA5EaFOKyD3t5S00eMAGBGv1rvdp5eyfmmzivqpTJBYXF13/g=="
    },
    "node_modules/side-channel": {
      "version": "1.0.6",
      "resolved": "https://registry.npmjs.org/side-channel/-/side-channel-1.0.6.tgz",
      "integrity": "sha512-T+8pm6i+5Jb/3D+73U+1+H/IbfZt4jQ3151gqjAre3xS/mY1FEOE9/tPj8lJ2pnVEsIqjLSDsPjlQObvyc/+gA==",
      "dependencies": {
        "call-bind": "^1.0.7",
        "get-intrinsic": "^1.2.4",
        "object-inspect": "^1.13.1"
      },
      "engines": {
        "node": ">= 0.4"
      },
      "funding": {
        "url": "https://github.com/sponsors/ljharb"
      }
    },
    "node_modules/statuses": {
      "version": "2.0.1",
      "resolved": "https://registry.npmjs.org/statuses/-/statuses-2.0.1.tgz",
      "integrity": "sha512-RwNA9Z/7PrK06rYLIzFMlaF+l73iwpzsqqZEKa50fDqUI5Auv6v8iIeeVo93CECysQN+t5inV/ieFOflse/2cQ==",
      "engines": {
        "node": ">= 0.8"
      }
    },
    "node_modules/toidentifier": {
      "version": "1.0.1",
      "resolved": "https://registry.npmjs.org/toidentifier/-/toidentifier-1.0.1.tgz",
      "integrity": "sha512-o5sSPKEkgOgrbTwWwJilJmM5zDSgoSSFRtABIHGfMphidiQhQeJ8kw2iTTv0SS5Rnb2fbPBO62vo1K2os9s2Rg==",
      "engines": {
        "node": ">= 0.6"
      }
    },
    "node_modules/type-is": {
      "version": "1.6.18",
      "resolved": "https://registry.npmjs.org/type-is/-/type-is-1.6.18.tgz",
      "integrity": "sha512-TkRKr9sUTxEH8MdfuCSP7VizJgncII5TfKv0V7LiE2sRsinjGkAn6q2m2y5gQP20ABDTeWR1qDmT3+CMlXADKg==",
      "dependencies": {
        "media-typer": "0.3.0",
        "mime-types": "~2.1.24"
      },
      "engines": {
        "node": ">= 0.6"
      }
    },
    "node_modules/unpipe": {
      "version": "1.0.0",
      "resolved": "https://registry.npmjs.org/unpipe/-/unpipe-1.0.0.tgz",
      "integrity": "sha512-pjy2bYhSsufwWlKwPc+l42B0NLeZdcfOgxwbPip//255NqfNvA/M3oaZtXpVKb6J0atFU4A2lclD/+scC70Dug==",
      "engines": {
        "node": ">= 0.8"
      }
    },
    "node_modules/utils-flatten": {
      "version": "1.0.1",
      "resolved": "https://registry.npmjs.org/utils-flatten/-/utils-flatten-1.0.1.tgz",
      "integrity": "sha512-QwlEU087S/58l2nUjUOPnP4aF8wiNf/2dU8e6fIUw7gQfSFRbBlB/O2K+wZruYalKYRjTfP0gYBY2C8pP/hPOg=="
    },
    "node_modules/vary": {
      "version": "1.1.2",
      "resolved": "https://registry.npmjs.org/vary/-/vary-1.1.2.tgz",
      "integrity": "sha512-BNGbWLfd0eUPab9x4TfUvu+DecW5zacIOFAoT9GgEFb+nNqU1fESLloeVGQy2R2V9gYP2qVLJoacBPIsC5iMUA==",
      "engines": {
        "node": ">= 0.8"
      }
    }
  }
}